// !$*UTF8*$!
{
	archiveVersion = 1;
	classes = {
	};
	objectVersion = 52;
	objects = {

/* Begin PBXBuildFile section */
		373735762555F416006E1AA6 /* BBT_WhipApp.swift in Sources */ = {isa = PBXBuildFile; fileRef = 373735752555F416006E1AA6 /* BBT_WhipApp.swift */; };
		373735782555F416006E1AA6 /* ContentView.swift in Sources */ = {isa = PBXBuildFile; fileRef = 373735772555F416006E1AA6 /* ContentView.swift */; };
		3737357A2555F416006E1AA6 /* Assets.xcassets in Resources */ = {isa = PBXBuildFile; fileRef = 373735792555F416006E1AA6 /* Assets.xcassets */; };
		3737357D2555F416006E1AA6 /* Preview Assets.xcassets in Resources */ = {isa = PBXBuildFile; fileRef = 3737357C2555F416006E1AA6 /* Preview Assets.xcassets */; };
		373735862555F9D9006E1AA6 /* ShakeGestureManager.swift in Sources */ = {isa = PBXBuildFile; fileRef = 373735852555F9D9006E1AA6 /* ShakeGestureManager.swift */; };
		3737359825560A92006E1AA6 /* whip-cracking.mp3 in Resources */ = {isa = PBXBuildFile; fileRef = 3737359725560A92006E1AA6 /* whip-cracking.mp3 */; };
		377BB659256298BA0022D5F7 /* whip-cracking.mp3 in Resources */ = {isa = PBXBuildFile; fileRef = 377BB658256298BA0022D5F7 /* whip-cracking.mp3 */; };
		3781780425628D0800807BBA /* Interface.storyboard in Resources */ = {isa = PBXBuildFile; fileRef = 3781780225628D0800807BBA /* Interface.storyboard */; };
		3781780625628D0900807BBA /* Assets.xcassets in Resources */ = {isa = PBXBuildFile; fileRef = 3781780525628D0900807BBA /* Assets.xcassets */; };
		3781780D25628D0900807BBA /* Portable-Whip-Watch Extension.appex in Embed App Extensions */ = {isa = PBXBuildFile; fileRef = 3781780C25628D0900807BBA /* Portable-Whip-Watch Extension.appex */; settings = {ATTRIBUTES = (RemoveHeadersOnCopy, ); }; };
		3781781225628D0900807BBA /* InterfaceController.swift in Sources */ = {isa = PBXBuildFile; fileRef = 3781781125628D0900807BBA /* InterfaceController.swift */; };
		3781781425628D0900807BBA /* ExtensionDelegate.swift in Sources */ = {isa = PBXBuildFile; fileRef = 3781781325628D0900807BBA /* ExtensionDelegate.swift */; };
		3781781625628D0900807BBA /* ComplicationController.swift in Sources */ = {isa = PBXBuildFile; fileRef = 3781781525628D0900807BBA /* ComplicationController.swift */; };
		3781781825628D0A00807BBA /* Assets.xcassets in Resources */ = {isa = PBXBuildFile; fileRef = 3781781725628D0A00807BBA /* Assets.xcassets */; };
		3781781C25628D0A00807BBA /* Portable-Whip-Watch.app in Embed Watch Content */ = {isa = PBXBuildFile; fileRef = 3781780025628D0800807BBA /* Portable-Whip-Watch.app */; settings = {ATTRIBUTES = (RemoveHeadersOnCopy, ); }; };
		3781782925628FFE00807BBA /* WatchShaker.swift in Sources */ = {isa = PBXBuildFile; fileRef = 3781782825628FFE00807BBA /* WatchShaker.swift */; };
		378DB50025644C26008E9508 /* SettingsView.swift in Sources */ = {isa = PBXBuildFile; fileRef = 378DB4FF25644C26008E9508 /* SettingsView.swift */; };
		D229703C257E2F77000B6415 /* Shiny in Frameworks */ = {isa = PBXBuildFile; productRef = D229703B257E2F77000B6415 /* Shiny */; };
		D2A8697F257E7C64005C2E05 /* WhipView.swift in Sources */ = {isa = PBXBuildFile; fileRef = D2A8697E257E7C64005C2E05 /* WhipView.swift */; };
/* End PBXBuildFile section */

/* Begin PBXContainerItemProxy section */
		3781780E25628D0900807BBA /* PBXContainerItemProxy */ = {
			isa = PBXContainerItemProxy;
			containerPortal = 3737356A2555F415006E1AA6 /* Project object */;
			proxyType = 1;
			remoteGlobalIDString = 3781780B25628D0900807BBA;
			remoteInfo = "BBT-Whip-Watch Extension";
		};
		3781781A25628D0A00807BBA /* PBXContainerItemProxy */ = {
			isa = PBXContainerItemProxy;
			containerPortal = 3737356A2555F415006E1AA6 /* Project object */;
			proxyType = 1;
			remoteGlobalIDString = 378177FF25628D0800807BBA;
			remoteInfo = "BBT-Whip-Watch";
		};
/* End PBXContainerItemProxy section */

/* Begin PBXCopyFilesBuildPhase section */
		3781781D25628D0A00807BBA /* Embed Watch Content */ = {
			isa = PBXCopyFilesBuildPhase;
			buildActionMask = 2147483647;
			dstPath = "$(CONTENTS_FOLDER_PATH)/Watch";
			dstSubfolderSpec = 16;
			files = (
				3781781C25628D0A00807BBA /* Portable-Whip-Watch.app in Embed Watch Content */,
			);
			name = "Embed Watch Content";
			runOnlyForDeploymentPostprocessing = 0;
		};
		3781782025628D0A00807BBA /* Embed App Extensions */ = {
			isa = PBXCopyFilesBuildPhase;
			buildActionMask = 2147483647;
			dstPath = "";
			dstSubfolderSpec = 13;
			files = (
				3781780D25628D0900807BBA /* Portable-Whip-Watch Extension.appex in Embed App Extensions */,
			);
			name = "Embed App Extensions";
			runOnlyForDeploymentPostprocessing = 0;
		};
/* End PBXCopyFilesBuildPhase section */

/* Begin PBXFileReference section */
		373735722555F415006E1AA6 /* Portable-Whip.app */ = {isa = PBXFileReference; explicitFileType = wrapper.application; includeInIndex = 0; path = "Portable-Whip.app"; sourceTree = BUILT_PRODUCTS_DIR; };
		373735752555F416006E1AA6 /* BBT_WhipApp.swift */ = {isa = PBXFileReference; lastKnownFileType = sourcecode.swift; path = BBT_WhipApp.swift; sourceTree = "<group>"; };
		373735772555F416006E1AA6 /* ContentView.swift */ = {isa = PBXFileReference; lastKnownFileType = sourcecode.swift; path = ContentView.swift; sourceTree = "<group>"; };
		373735792555F416006E1AA6 /* Assets.xcassets */ = {isa = PBXFileReference; lastKnownFileType = folder.assetcatalog; path = Assets.xcassets; sourceTree = "<group>"; };
		3737357C2555F416006E1AA6 /* Preview Assets.xcassets */ = {isa = PBXFileReference; lastKnownFileType = folder.assetcatalog; path = "Preview Assets.xcassets"; sourceTree = "<group>"; };
		3737357E2555F416006E1AA6 /* Info.plist */ = {isa = PBXFileReference; lastKnownFileType = text.plist.xml; path = Info.plist; sourceTree = "<group>"; };
		373735852555F9D9006E1AA6 /* ShakeGestureManager.swift */ = {isa = PBXFileReference; lastKnownFileType = sourcecode.swift; path = ShakeGestureManager.swift; sourceTree = "<group>"; };
		3737359725560A92006E1AA6 /* whip-cracking.mp3 */ = {isa = PBXFileReference; lastKnownFileType = audio.mp3; path = "whip-cracking.mp3"; sourceTree = "<group>"; };
		377BB658256298BA0022D5F7 /* whip-cracking.mp3 */ = {isa = PBXFileReference; lastKnownFileType = audio.mp3; path = "whip-cracking.mp3"; sourceTree = "<group>"; };
		3781780025628D0800807BBA /* Portable-Whip-Watch.app */ = {isa = PBXFileReference; explicitFileType = wrapper.application; includeInIndex = 0; path = "Portable-Whip-Watch.app"; sourceTree = BUILT_PRODUCTS_DIR; };
		3781780325628D0800807BBA /* Base */ = {isa = PBXFileReference; lastKnownFileType = file.storyboard; name = Base; path = Base.lproj/Interface.storyboard; sourceTree = "<group>"; };
		3781780525628D0900807BBA /* Assets.xcassets */ = {isa = PBXFileReference; lastKnownFileType = folder.assetcatalog; path = Assets.xcassets; sourceTree = "<group>"; };
		3781780725628D0900807BBA /* Info.plist */ = {isa = PBXFileReference; lastKnownFileType = text.plist.xml; path = Info.plist; sourceTree = "<group>"; };
		3781780C25628D0900807BBA /* Portable-Whip-Watch Extension.appex */ = {isa = PBXFileReference; explicitFileType = "wrapper.app-extension"; includeInIndex = 0; path = "Portable-Whip-Watch Extension.appex"; sourceTree = BUILT_PRODUCTS_DIR; };
		3781781125628D0900807BBA /* InterfaceController.swift */ = {isa = PBXFileReference; lastKnownFileType = sourcecode.swift; path = InterfaceController.swift; sourceTree = "<group>"; };
		3781781325628D0900807BBA /* ExtensionDelegate.swift */ = {isa = PBXFileReference; lastKnownFileType = sourcecode.swift; path = ExtensionDelegate.swift; sourceTree = "<group>"; };
		3781781525628D0900807BBA /* ComplicationController.swift */ = {isa = PBXFileReference; lastKnownFileType = sourcecode.swift; path = ComplicationController.swift; sourceTree = "<group>"; };
		3781781725628D0A00807BBA /* Assets.xcassets */ = {isa = PBXFileReference; lastKnownFileType = folder.assetcatalog; path = Assets.xcassets; sourceTree = "<group>"; };
		3781781925628D0A00807BBA /* Info.plist */ = {isa = PBXFileReference; lastKnownFileType = text.plist.xml; path = Info.plist; sourceTree = "<group>"; };
		3781782825628FFE00807BBA /* WatchShaker.swift */ = {isa = PBXFileReference; fileEncoding = 4; lastKnownFileType = sourcecode.swift; path = WatchShaker.swift; sourceTree = "<group>"; };
		378DB4FF25644C26008E9508 /* SettingsView.swift */ = {isa = PBXFileReference; lastKnownFileType = sourcecode.swift; path = SettingsView.swift; sourceTree = "<group>"; };
		D2A8697E257E7C64005C2E05 /* WhipView.swift */ = {isa = PBXFileReference; lastKnownFileType = sourcecode.swift; path = WhipView.swift; sourceTree = "<group>"; };
/* End PBXFileReference section */

/* Begin PBXFrameworksBuildPhase section */
		3737356F2555F415006E1AA6 /* Frameworks */ = {
			isa = PBXFrameworksBuildPhase;
			buildActionMask = 2147483647;
			files = (
				D229703C257E2F77000B6415 /* Shiny in Frameworks */,
			);
			runOnlyForDeploymentPostprocessing = 0;
		};
		3781780925628D0900807BBA /* Frameworks */ = {
			isa = PBXFrameworksBuildPhase;
			buildActionMask = 2147483647;
			files = (
			);
			runOnlyForDeploymentPostprocessing = 0;
		};
/* End PBXFrameworksBuildPhase section */

/* Begin PBXGroup section */
		373735692555F415006E1AA6 = {
			isa = PBXGroup;
			children = (
				373735742555F415006E1AA6 /* Portable-Whip */,
				3781780125628D0800807BBA /* Portable-Whip-Watch */,
				3781781025628D0900807BBA /* Portable-Whip-Watch Extension */,
				373735732555F415006E1AA6 /* Products */,
			);
			sourceTree = "<group>";
		};
		373735732555F415006E1AA6 /* Products */ = {
			isa = PBXGroup;
			children = (
				373735722555F415006E1AA6 /* Portable-Whip.app */,
				3781780025628D0800807BBA /* Portable-Whip-Watch.app */,
				3781780C25628D0900807BBA /* Portable-Whip-Watch Extension.appex */,
			);
			name = Products;
			sourceTree = "<group>";
		};
		373735742555F415006E1AA6 /* Portable-Whip */ = {
			isa = PBXGroup;
			children = (
				373735752555F416006E1AA6 /* BBT_WhipApp.swift */,
				373735772555F416006E1AA6 /* ContentView.swift */,
				378DB4FF25644C26008E9508 /* SettingsView.swift */,
				D2A8697E257E7C64005C2E05 /* WhipView.swift */,
				373735852555F9D9006E1AA6 /* ShakeGestureManager.swift */,
				373735792555F416006E1AA6 /* Assets.xcassets */,
				3737357E2555F416006E1AA6 /* Info.plist */,
				3737359525560A1C006E1AA6 /* Sounds */,
				3737357B2555F416006E1AA6 /* Preview Content */,
			);
			path = "Portable-Whip";
			sourceTree = "<group>";
		};
		3737357B2555F416006E1AA6 /* Preview Content */ = {
			isa = PBXGroup;
			children = (
				3737357C2555F416006E1AA6 /* Preview Assets.xcassets */,
			);
			path = "Preview Content";
			sourceTree = "<group>";
		};
		3737359525560A1C006E1AA6 /* Sounds */ = {
			isa = PBXGroup;
			children = (
				3737359725560A92006E1AA6 /* whip-cracking.mp3 */,
			);
			path = Sounds;
			sourceTree = "<group>";
		};
		377BB657256298640022D5F7 /* Sounds */ = {
			isa = PBXGroup;
			children = (
				377BB658256298BA0022D5F7 /* whip-cracking.mp3 */,
			);
			path = Sounds;
			sourceTree = "<group>";
		};
		3781780125628D0800807BBA /* Portable-Whip-Watch */ = {
			isa = PBXGroup;
			children = (
				3781780225628D0800807BBA /* Interface.storyboard */,
				3781780525628D0900807BBA /* Assets.xcassets */,
				3781780725628D0900807BBA /* Info.plist */,
			);
			path = "Portable-Whip-Watch";
			sourceTree = "<group>";
		};
		3781781025628D0900807BBA /* Portable-Whip-Watch Extension */ = {
			isa = PBXGroup;
			children = (
				377BB657256298640022D5F7 /* Sounds */,
				3781781125628D0900807BBA /* InterfaceController.swift */,
				3781781325628D0900807BBA /* ExtensionDelegate.swift */,
				3781781525628D0900807BBA /* ComplicationController.swift */,
				3781782825628FFE00807BBA /* WatchShaker.swift */,
				3781781725628D0A00807BBA /* Assets.xcassets */,
				3781781925628D0A00807BBA /* Info.plist */,
			);
			path = "Portable-Whip-Watch Extension";
			sourceTree = "<group>";
		};
/* End PBXGroup section */

/* Begin PBXNativeTarget section */
		373735712555F415006E1AA6 /* Portable-Whip */ = {
			isa = PBXNativeTarget;
			buildConfigurationList = 373735812555F416006E1AA6 /* Build configuration list for PBXNativeTarget "Portable-Whip" */;
			buildPhases = (
				3737356E2555F415006E1AA6 /* Sources */,
				3737356F2555F415006E1AA6 /* Frameworks */,
				373735702555F415006E1AA6 /* Resources */,
				3781781D25628D0A00807BBA /* Embed Watch Content */,
			);
			buildRules = (
			);
			dependencies = (
				3781781B25628D0A00807BBA /* PBXTargetDependency */,
			);
			name = "Portable-Whip";
			packageProductDependencies = (
				D229703B257E2F77000B6415 /* Shiny */,
			);
			productName = "BBT-Whip";
			productReference = 373735722555F415006E1AA6 /* Portable-Whip.app */;
			productType = "com.apple.product-type.application";
		};
		378177FF25628D0800807BBA /* Portable-Whip-Watch */ = {
			isa = PBXNativeTarget;
			buildConfigurationList = 3781782425628D0A00807BBA /* Build configuration list for PBXNativeTarget "Portable-Whip-Watch" */;
			buildPhases = (
				378177FE25628D0800807BBA /* Resources */,
				3781782025628D0A00807BBA /* Embed App Extensions */,
			);
			buildRules = (
			);
			dependencies = (
				3781780F25628D0900807BBA /* PBXTargetDependency */,
			);
			name = "Portable-Whip-Watch";
			productName = "BBT-Whip-Watch";
			productReference = 3781780025628D0800807BBA /* Portable-Whip-Watch.app */;
			productType = "com.apple.product-type.application.watchapp2";
		};
		3781780B25628D0900807BBA /* Portable-Whip-Watch Extension */ = {
			isa = PBXNativeTarget;
			buildConfigurationList = 3781782325628D0A00807BBA /* Build configuration list for PBXNativeTarget "Portable-Whip-Watch Extension" */;
			buildPhases = (
				3781780825628D0900807BBA /* Sources */,
				3781780925628D0900807BBA /* Frameworks */,
				3781780A25628D0900807BBA /* Resources */,
			);
			buildRules = (
			);
			dependencies = (
			);
			name = "Portable-Whip-Watch Extension";
			productName = "BBT-Whip-Watch Extension";
			productReference = 3781780C25628D0900807BBA /* Portable-Whip-Watch Extension.appex */;
			productType = "com.apple.product-type.watchkit2-extension";
		};
/* End PBXNativeTarget section */

/* Begin PBXProject section */
		3737356A2555F415006E1AA6 /* Project object */ = {
			isa = PBXProject;
			attributes = {
				LastSwiftUpdateCheck = 1220;
				LastUpgradeCheck = 1210;
				TargetAttributes = {
					373735712555F415006E1AA6 = {
						CreatedOnToolsVersion = 12.1;
					};
					378177FF25628D0800807BBA = {
						CreatedOnToolsVersion = 12.2;
					};
					3781780B25628D0900807BBA = {
						CreatedOnToolsVersion = 12.2;
					};
				};
			};
			buildConfigurationList = 3737356D2555F415006E1AA6 /* Build configuration list for PBXProject "Portable-Whip" */;
			compatibilityVersion = "Xcode 9.3";
			developmentRegion = en;
			hasScannedForEncodings = 0;
			knownRegions = (
				en,
				Base,
			);
			mainGroup = 373735692555F415006E1AA6;
			packageReferences = (
				D229703A257E2F77000B6415 /* XCRemoteSwiftPackageReference "shiny" */,
			);
			productRefGroup = 373735732555F415006E1AA6 /* Products */;
			projectDirPath = "";
			projectRoot = "";
			targets = (
				373735712555F415006E1AA6 /* Portable-Whip */,
				378177FF25628D0800807BBA /* Portable-Whip-Watch */,
				3781780B25628D0900807BBA /* Portable-Whip-Watch Extension */,
			);
		};
/* End PBXProject section */

/* Begin PBXResourcesBuildPhase section */
		373735702555F415006E1AA6 /* Resources */ = {
			isa = PBXResourcesBuildPhase;
			buildActionMask = 2147483647;
			files = (
				3737357D2555F416006E1AA6 /* Preview Assets.xcassets in Resources */,
				3737357A2555F416006E1AA6 /* Assets.xcassets in Resources */,
				3737359825560A92006E1AA6 /* whip-cracking.mp3 in Resources */,
			);
			runOnlyForDeploymentPostprocessing = 0;
		};
		378177FE25628D0800807BBA /* Resources */ = {
			isa = PBXResourcesBuildPhase;
			buildActionMask = 2147483647;
			files = (
				3781780625628D0900807BBA /* Assets.xcassets in Resources */,
				3781780425628D0800807BBA /* Interface.storyboard in Resources */,
			);
			runOnlyForDeploymentPostprocessing = 0;
		};
		3781780A25628D0900807BBA /* Resources */ = {
			isa = PBXResourcesBuildPhase;
			buildActionMask = 2147483647;
			files = (
				377BB659256298BA0022D5F7 /* whip-cracking.mp3 in Resources */,
				3781781825628D0A00807BBA /* Assets.xcassets in Resources */,
			);
			runOnlyForDeploymentPostprocessing = 0;
		};
/* End PBXResourcesBuildPhase section */

/* Begin PBXSourcesBuildPhase section */
		3737356E2555F415006E1AA6 /* Sources */ = {
			isa = PBXSourcesBuildPhase;
			buildActionMask = 2147483647;
			files = (
				373735782555F416006E1AA6 /* ContentView.swift in Sources */,
				373735762555F416006E1AA6 /* BBT_WhipApp.swift in Sources */,
				D2A8697F257E7C64005C2E05 /* WhipView.swift in Sources */,
				378DB50025644C26008E9508 /* SettingsView.swift in Sources */,
				373735862555F9D9006E1AA6 /* ShakeGestureManager.swift in Sources */,
			);
			runOnlyForDeploymentPostprocessing = 0;
		};
		3781780825628D0900807BBA /* Sources */ = {
			isa = PBXSourcesBuildPhase;
			buildActionMask = 2147483647;
			files = (
				3781781425628D0900807BBA /* ExtensionDelegate.swift in Sources */,
				3781782925628FFE00807BBA /* WatchShaker.swift in Sources */,
				3781781225628D0900807BBA /* InterfaceController.swift in Sources */,
				3781781625628D0900807BBA /* ComplicationController.swift in Sources */,
			);
			runOnlyForDeploymentPostprocessing = 0;
		};
/* End PBXSourcesBuildPhase section */

/* Begin PBXTargetDependency section */
		3781780F25628D0900807BBA /* PBXTargetDependency */ = {
			isa = PBXTargetDependency;
			target = 3781780B25628D0900807BBA /* Portable-Whip-Watch Extension */;
			targetProxy = 3781780E25628D0900807BBA /* PBXContainerItemProxy */;
		};
		3781781B25628D0A00807BBA /* PBXTargetDependency */ = {
			isa = PBXTargetDependency;
			target = 378177FF25628D0800807BBA /* Portable-Whip-Watch */;
			targetProxy = 3781781A25628D0A00807BBA /* PBXContainerItemProxy */;
		};
/* End PBXTargetDependency section */

/* Begin PBXVariantGroup section */
		3781780225628D0800807BBA /* Interface.storyboard */ = {
			isa = PBXVariantGroup;
			children = (
				3781780325628D0800807BBA /* Base */,
			);
			name = Interface.storyboard;
			sourceTree = "<group>";
		};
/* End PBXVariantGroup section */

/* Begin XCBuildConfiguration section */
		3737357F2555F416006E1AA6 /* Debug */ = {
			isa = XCBuildConfiguration;
			buildSettings = {
				ALWAYS_SEARCH_USER_PATHS = NO;
				CLANG_ANALYZER_NONNULL = YES;
				CLANG_ANALYZER_NUMBER_OBJECT_CONVERSION = YES_AGGRESSIVE;
				CLANG_CXX_LANGUAGE_STANDARD = "gnu++14";
				CLANG_CXX_LIBRARY = "libc++";
				CLANG_ENABLE_MODULES = YES;
				CLANG_ENABLE_OBJC_ARC = YES;
				CLANG_ENABLE_OBJC_WEAK = YES;
				CLANG_WARN_BLOCK_CAPTURE_AUTORELEASING = YES;
				CLANG_WARN_BOOL_CONVERSION = YES;
				CLANG_WARN_COMMA = YES;
				CLANG_WARN_CONSTANT_CONVERSION = YES;
				CLANG_WARN_DEPRECATED_OBJC_IMPLEMENTATIONS = YES;
				CLANG_WARN_DIRECT_OBJC_ISA_USAGE = YES_ERROR;
				CLANG_WARN_DOCUMENTATION_COMMENTS = YES;
				CLANG_WARN_EMPTY_BODY = YES;
				CLANG_WARN_ENUM_CONVERSION = YES;
				CLANG_WARN_INFINITE_RECURSION = YES;
				CLANG_WARN_INT_CONVERSION = YES;
				CLANG_WARN_NON_LITERAL_NULL_CONVERSION = YES;
				CLANG_WARN_OBJC_IMPLICIT_RETAIN_SELF = YES;
				CLANG_WARN_OBJC_LITERAL_CONVERSION = YES;
				CLANG_WARN_OBJC_ROOT_CLASS = YES_ERROR;
				CLANG_WARN_QUOTED_INCLUDE_IN_FRAMEWORK_HEADER = YES;
				CLANG_WARN_RANGE_LOOP_ANALYSIS = YES;
				CLANG_WARN_STRICT_PROTOTYPES = YES;
				CLANG_WARN_SUSPICIOUS_MOVE = YES;
				CLANG_WARN_UNGUARDED_AVAILABILITY = YES_AGGRESSIVE;
				CLANG_WARN_UNREACHABLE_CODE = YES;
				CLANG_WARN__DUPLICATE_METHOD_MATCH = YES;
				COPY_PHASE_STRIP = NO;
				DEBUG_INFORMATION_FORMAT = dwarf;
				ENABLE_STRICT_OBJC_MSGSEND = YES;
				ENABLE_TESTABILITY = YES;
				GCC_C_LANGUAGE_STANDARD = gnu11;
				GCC_DYNAMIC_NO_PIC = NO;
				GCC_NO_COMMON_BLOCKS = YES;
				GCC_OPTIMIZATION_LEVEL = 0;
				GCC_PREPROCESSOR_DEFINITIONS = (
					"DEBUG=1",
					"$(inherited)",
				);
				GCC_WARN_64_TO_32_BIT_CONVERSION = YES;
				GCC_WARN_ABOUT_RETURN_TYPE = YES_ERROR;
				GCC_WARN_UNDECLARED_SELECTOR = YES;
				GCC_WARN_UNINITIALIZED_AUTOS = YES_AGGRESSIVE;
				GCC_WARN_UNUSED_FUNCTION = YES;
				GCC_WARN_UNUSED_VARIABLE = YES;
				IPHONEOS_DEPLOYMENT_TARGET = 14.2;
				MTL_ENABLE_DEBUG_INFO = INCLUDE_SOURCE;
				MTL_FAST_MATH = YES;
				ONLY_ACTIVE_ARCH = YES;
				SDKROOT = iphoneos;
				SWIFT_ACTIVE_COMPILATION_CONDITIONS = DEBUG;
				SWIFT_OPTIMIZATION_LEVEL = "-Onone";
			};
			name = Debug;
		};
		373735802555F416006E1AA6 /* Release */ = {
			isa = XCBuildConfiguration;
			buildSettings = {
				ALWAYS_SEARCH_USER_PATHS = NO;
				CLANG_ANALYZER_NONNULL = YES;
				CLANG_ANALYZER_NUMBER_OBJECT_CONVERSION = YES_AGGRESSIVE;
				CLANG_CXX_LANGUAGE_STANDARD = "gnu++14";
				CLANG_CXX_LIBRARY = "libc++";
				CLANG_ENABLE_MODULES = YES;
				CLANG_ENABLE_OBJC_ARC = YES;
				CLANG_ENABLE_OBJC_WEAK = YES;
				CLANG_WARN_BLOCK_CAPTURE_AUTORELEASING = YES;
				CLANG_WARN_BOOL_CONVERSION = YES;
				CLANG_WARN_COMMA = YES;
				CLANG_WARN_CONSTANT_CONVERSION = YES;
				CLANG_WARN_DEPRECATED_OBJC_IMPLEMENTATIONS = YES;
				CLANG_WARN_DIRECT_OBJC_ISA_USAGE = YES_ERROR;
				CLANG_WARN_DOCUMENTATION_COMMENTS = YES;
				CLANG_WARN_EMPTY_BODY = YES;
				CLANG_WARN_ENUM_CONVERSION = YES;
				CLANG_WARN_INFINITE_RECURSION = YES;
				CLANG_WARN_INT_CONVERSION = YES;
				CLANG_WARN_NON_LITERAL_NULL_CONVERSION = YES;
				CLANG_WARN_OBJC_IMPLICIT_RETAIN_SELF = YES;
				CLANG_WARN_OBJC_LITERAL_CONVERSION = YES;
				CLANG_WARN_OBJC_ROOT_CLASS = YES_ERROR;
				CLANG_WARN_QUOTED_INCLUDE_IN_FRAMEWORK_HEADER = YES;
				CLANG_WARN_RANGE_LOOP_ANALYSIS = YES;
				CLANG_WARN_STRICT_PROTOTYPES = YES;
				CLANG_WARN_SUSPICIOUS_MOVE = YES;
				CLANG_WARN_UNGUARDED_AVAILABILITY = YES_AGGRESSIVE;
				CLANG_WARN_UNREACHABLE_CODE = YES;
				CLANG_WARN__DUPLICATE_METHOD_MATCH = YES;
				COPY_PHASE_STRIP = NO;
				DEBUG_INFORMATION_FORMAT = "dwarf-with-dsym";
				ENABLE_NS_ASSERTIONS = NO;
				ENABLE_STRICT_OBJC_MSGSEND = YES;
				GCC_C_LANGUAGE_STANDARD = gnu11;
				GCC_NO_COMMON_BLOCKS = YES;
				GCC_WARN_64_TO_32_BIT_CONVERSION = YES;
				GCC_WARN_ABOUT_RETURN_TYPE = YES_ERROR;
				GCC_WARN_UNDECLARED_SELECTOR = YES;
				GCC_WARN_UNINITIALIZED_AUTOS = YES_AGGRESSIVE;
				GCC_WARN_UNUSED_FUNCTION = YES;
				GCC_WARN_UNUSED_VARIABLE = YES;
				IPHONEOS_DEPLOYMENT_TARGET = 14.2;
				MTL_ENABLE_DEBUG_INFO = NO;
				MTL_FAST_MATH = YES;
				SDKROOT = iphoneos;
				SWIFT_COMPILATION_MODE = wholemodule;
				SWIFT_OPTIMIZATION_LEVEL = "-O";
				VALIDATE_PRODUCT = YES;
			};
			name = Release;
		};
		373735822555F416006E1AA6 /* Debug */ = {
			isa = XCBuildConfiguration;
			buildSettings = {
				ASSETCATALOG_COMPILER_APPICON_NAME = AppIcon;
				ASSETCATALOG_COMPILER_GLOBAL_ACCENT_COLOR_NAME = AccentColor;
				CODE_SIGN_STYLE = Automatic;
				DEVELOPMENT_ASSET_PATHS = "\"Portable-Whip/Preview Content\"";
				DEVELOPMENT_TEAM = BM8K25SVCR;
				ENABLE_PREVIEWS = YES;
				INFOPLIST_FILE = "Portable-Whip/Info.plist";
				IPHONEOS_DEPLOYMENT_TARGET = 14.2;
				LD_RUNPATH_SEARCH_PATHS = (
					"$(inherited)",
					"@executable_path/Frameworks",
				);
				PRODUCT_BUNDLE_IDENTIFIER = "com.nlhomme.Portable-Whip";
				PRODUCT_NAME = "$(TARGET_NAME)";
				SWIFT_VERSION = 5.0;
				TARGETED_DEVICE_FAMILY = 1;
			};
			name = Debug;
		};
		373735832555F416006E1AA6 /* Release */ = {
			isa = XCBuildConfiguration;
			buildSettings = {
				ASSETCATALOG_COMPILER_APPICON_NAME = AppIcon;
				ASSETCATALOG_COMPILER_GLOBAL_ACCENT_COLOR_NAME = AccentColor;
				CODE_SIGN_STYLE = Automatic;
				DEVELOPMENT_ASSET_PATHS = "\"Portable-Whip/Preview Content\"";
				DEVELOPMENT_TEAM = BM8K25SVCR;
				ENABLE_PREVIEWS = YES;
				INFOPLIST_FILE = "Portable-Whip/Info.plist";
				IPHONEOS_DEPLOYMENT_TARGET = 14.2;
				LD_RUNPATH_SEARCH_PATHS = (
					"$(inherited)",
					"@executable_path/Frameworks",
				);
				PRODUCT_BUNDLE_IDENTIFIER = "com.nlhomme.Portable-Whip";
				PRODUCT_NAME = "$(TARGET_NAME)";
				SWIFT_VERSION = 5.0;
				TARGETED_DEVICE_FAMILY = 1;
			};
			name = Release;
		};
		3781781E25628D0A00807BBA /* Debug */ = {
			isa = XCBuildConfiguration;
			buildSettings = {
				ALWAYS_EMBED_SWIFT_STANDARD_LIBRARIES = YES;
				ASSETCATALOG_COMPILER_APPICON_NAME = AppIcon;
				ASSETCATALOG_COMPILER_GLOBAL_ACCENT_COLOR_NAME = AccentColor;
				CODE_SIGN_STYLE = Automatic;
				DEVELOPMENT_TEAM = BM8K25SVCR;
				IBSC_MODULE = Portable_Whip_Watch_Extension;
				INFOPLIST_FILE = "Portable-Whip-Watch/Info.plist";
				PRODUCT_BUNDLE_IDENTIFIER = "com.nlhomme.Portable-Whip.watchkitapp";
				PRODUCT_NAME = "$(TARGET_NAME)";
				SDKROOT = watchos;
				SKIP_INSTALL = YES;
				SWIFT_VERSION = 5.0;
				TARGETED_DEVICE_FAMILY = 4;
				WATCHOS_DEPLOYMENT_TARGET = 7.1;
			};
			name = Debug;
		};
		3781781F25628D0A00807BBA /* Release */ = {
			isa = XCBuildConfiguration;
			buildSettings = {
				ALWAYS_EMBED_SWIFT_STANDARD_LIBRARIES = YES;
				ASSETCATALOG_COMPILER_APPICON_NAME = AppIcon;
				ASSETCATALOG_COMPILER_GLOBAL_ACCENT_COLOR_NAME = AccentColor;
				CODE_SIGN_STYLE = Automatic;
				DEVELOPMENT_TEAM = BM8K25SVCR;
				IBSC_MODULE = Portable_Whip_Watch_Extension;
				INFOPLIST_FILE = "Portable-Whip-Watch/Info.plist";
				PRODUCT_BUNDLE_IDENTIFIER = "com.nlhomme.Portable-Whip.watchkitapp";
				PRODUCT_NAME = "$(TARGET_NAME)";
				SDKROOT = watchos;
				SKIP_INSTALL = YES;
				SWIFT_VERSION = 5.0;
				TARGETED_DEVICE_FAMILY = 4;
				WATCHOS_DEPLOYMENT_TARGET = 7.1;
			};
			name = Release;
		};
		3781782125628D0A00807BBA /* Debug */ = {
			isa = XCBuildConfiguration;
			buildSettings = {
				ASSETCATALOG_COMPILER_COMPLICATION_NAME = Complication;
				CODE_SIGN_STYLE = Automatic;
				DEVELOPMENT_TEAM = BM8K25SVCR;
				INFOPLIST_FILE = "Portable-Whip-Watch Extension/Info.plist";
				LD_RUNPATH_SEARCH_PATHS = (
					"$(inherited)",
					"@executable_path/Frameworks",
					"@executable_path/../../Frameworks",
				);
				PRODUCT_BUNDLE_IDENTIFIER = "com.nlhomme.Portable-Whip.watchkitapp.watchkitextension";
				PRODUCT_NAME = "${TARGET_NAME}";
				SDKROOT = watchos;
				SKIP_INSTALL = YES;
				SWIFT_VERSION = 5.0;
				TARGETED_DEVICE_FAMILY = 4;
				WATCHOS_DEPLOYMENT_TARGET = 7.1;
			};
			name = Debug;
		};
		3781782225628D0A00807BBA /* Release */ = {
			isa = XCBuildConfiguration;
			buildSettings = {
				ASSETCATALOG_COMPILER_COMPLICATION_NAME = Complication;
				CODE_SIGN_STYLE = Automatic;
				DEVELOPMENT_TEAM = BM8K25SVCR;
				INFOPLIST_FILE = "Portable-Whip-Watch Extension/Info.plist";
				LD_RUNPATH_SEARCH_PATHS = (
					"$(inherited)",
					"@executable_path/Frameworks",
					"@executable_path/../../Frameworks",
				);
				PRODUCT_BUNDLE_IDENTIFIER = "com.nlhomme.Portable-Whip.watchkitapp.watchkitextension";
				PRODUCT_NAME = "${TARGET_NAME}";
				SDKROOT = watchos;
				SKIP_INSTALL = YES;
				SWIFT_VERSION = 5.0;
				TARGETED_DEVICE_FAMILY = 4;
				WATCHOS_DEPLOYMENT_TARGET = 7.1;
			};
			name = Release;
		};
/* End XCBuildConfiguration section */

/* Begin XCConfigurationList section */
		3737356D2555F415006E1AA6 /* Build configuration list for PBXProject "Portable-Whip" */ = {
			isa = XCConfigurationList;
			buildConfigurations = (
				3737357F2555F416006E1AA6 /* Debug */,
				373735802555F416006E1AA6 /* Release */,
			);
			defaultConfigurationIsVisible = 0;
			defaultConfigurationName = Release;
		};
		373735812555F416006E1AA6 /* Build configuration list for PBXNativeTarget "Portable-Whip" */ = {
			isa = XCConfigurationList;
			buildConfigurations = (
				373735822555F416006E1AA6 /* Debug */,
				373735832555F416006E1AA6 /* Release */,
			);
			defaultConfigurationIsVisible = 0;
			defaultConfigurationName = Release;
		};
		3781782325628D0A00807BBA /* Build configuration list for PBXNativeTarget "Portable-Whip-Watch Extension" */ = {
			isa = XCConfigurationList;
			buildConfigurations = (
				3781782125628D0A00807BBA /* Debug */,
				3781782225628D0A00807BBA /* Release */,
			);
			defaultConfigurationIsVisible = 0;
			defaultConfigurationName = Release;
		};
		3781782425628D0A00807BBA /* Build configuration list for PBXNativeTarget "Portable-Whip-Watch" */ = {
			isa = XCConfigurationList;
			buildConfigurations = (
				3781781E25628D0A00807BBA /* Debug */,
				3781781F25628D0A00807BBA /* Release */,
			);
			defaultConfigurationIsVisible = 0;
			defaultConfigurationName = Release;
		};
/* End XCConfigurationList section */

/* Begin XCRemoteSwiftPackageReference section */
		D229703A257E2F77000B6415 /* XCRemoteSwiftPackageReference "shiny" */ = {
			isa = XCRemoteSwiftPackageReference;
			repositoryURL = "https://github.com/maustinstar/shiny";
			requirement = {
				kind = upToNextMajorVersion;
				minimumVersion = 0.0.1;
			};
		};
/* End XCRemoteSwiftPackageReference section */

/* Begin XCSwiftPackageProductDependency section */
		D229703B257E2F77000B6415 /* Shiny */ = {
			isa = XCSwiftPackageProductDependency;
			package = D229703A257E2F77000B6415 /* XCRemoteSwiftPackageReference "shiny" */;
			productName = Shiny;
		};
/* End XCSwiftPackageProductDependency section */
	};
	rootObject = 3737356A2555F415006E1AA6 /* Project object */;
}
